// !$*UTF8*$!
{
	archiveVersion = 1;
	classes = {
	};
	objectVersion = 55;
	objects = {

/* Begin PBXBuildFile section */
		BDE31006272984CE0024C4B9 /* AppDelegate.swift in Sources */ = {isa = PBXBuildFile; fileRef = BDE31005272984CE0024C4B9 /* AppDelegate.swift */; };
		BDE31008272984CE0024C4B9 /* SceneDelegate.swift in Sources */ = {isa = PBXBuildFile; fileRef = BDE31007272984CE0024C4B9 /* SceneDelegate.swift */; };
		BDE3100A272984CE0024C4B9 /* ViewController.swift in Sources */ = {isa = PBXBuildFile; fileRef = BDE31009272984CE0024C4B9 /* ViewController.swift */; };
		BDE3100D272984CE0024C4B9 /* Main.storyboard in Resources */ = {isa = PBXBuildFile; fileRef = BDE3100B272984CE0024C4B9 /* Main.storyboard */; };
		BDE31010272984CE0024C4B9 /* CoreDataCRUDOperations.xcdatamodeld in Sources */ = {isa = PBXBuildFile; fileRef = BDE3100E272984CE0024C4B9 /* CoreDataCRUDOperations.xcdatamodeld */; };
		BDE31012272984D00024C4B9 /* Assets.xcassets in Resources */ = {isa = PBXBuildFile; fileRef = BDE31011272984D00024C4B9 /* Assets.xcassets */; };
		BDE31015272984D00024C4B9 /* LaunchScreen.storyboard in Resources */ = {isa = PBXBuildFile; fileRef = BDE31013272984D00024C4B9 /* LaunchScreen.storyboard */; };
		BDE31021272987080024C4B9 /* PersistentStorage.swift in Sources */ = {isa = PBXBuildFile; fileRef = BDE31020272987080024C4B9 /* PersistentStorage.swift */; };
		BDE31061272A4E1E0024C4B9 /* Company+CoreDataClass.swift in Sources */ = {isa = PBXBuildFile; fileRef = BDE3105D272A4E1E0024C4B9 /* Company+CoreDataClass.swift */; };
		BDE31062272A4E1E0024C4B9 /* Company+CoreDataProperties.swift in Sources */ = {isa = PBXBuildFile; fileRef = BDE3105E272A4E1E0024C4B9 /* Company+CoreDataProperties.swift */; };
		BDE31063272A4E1E0024C4B9 /* Employee+CoreDataClass.swift in Sources */ = {isa = PBXBuildFile; fileRef = BDE3105F272A4E1E0024C4B9 /* Employee+CoreDataClass.swift */; };
		BDE31064272A4E1E0024C4B9 /* Employee+CoreDataProperties.swift in Sources */ = {isa = PBXBuildFile; fileRef = BDE31060272A4E1E0024C4B9 /* Employee+CoreDataProperties.swift */; };
/* End PBXBuildFile section */

/* Begin PBXFileReference section */
		BDE31002272984CE0024C4B9 /* CoreDataCRUDOperations.app */ = {isa = PBXFileReference; explicitFileType = wrapper.application; includeInIndex = 0; path = CoreDataCRUDOperations.app; sourceTree = BUILT_PRODUCTS_DIR; };
		BDE31005272984CE0024C4B9 /* AppDelegate.swift */ = {isa = PBXFileReference; lastKnownFileType = sourcecode.swift; path = AppDelegate.swift; sourceTree = "<group>"; };
		BDE31007272984CE0024C4B9 /* SceneDelegate.swift */ = {isa = PBXFileReference; lastKnownFileType = sourcecode.swift; path = SceneDelegate.swift; sourceTree = "<group>"; };
		BDE31009272984CE0024C4B9 /* ViewController.swift */ = {isa = PBXFileReference; lastKnownFileType = sourcecode.swift; path = ViewController.swift; sourceTree = "<group>"; };
		BDE3100C272984CE0024C4B9 /* Base */ = {isa = PBXFileReference; lastKnownFileType = file.storyboard; name = Base; path = Base.lproj/Main.storyboard; sourceTree = "<group>"; };
		BDE3100F272984CE0024C4B9 /* CoreDataCRUDOperations.xcdatamodel */ = {isa = PBXFileReference; lastKnownFileType = wrapper.xcdatamodel; path = CoreDataCRUDOperations.xcdatamodel; sourceTree = "<group>"; };
		BDE31011272984D00024C4B9 /* Assets.xcassets */ = {isa = PBXFileReference; lastKnownFileType = folder.assetcatalog; path = Assets.xcassets; sourceTree = "<group>"; };
		BDE31014272984D00024C4B9 /* Base */ = {isa = PBXFileReference; lastKnownFileType = file.storyboard; name = Base; path = Base.lproj/LaunchScreen.storyboard; sourceTree = "<group>"; };
		BDE31016272984D00024C4B9 /* Info.plist */ = {isa = PBXFileReference; lastKnownFileType = text.plist.xml; path = Info.plist; sourceTree = "<group>"; };
		BDE31020272987080024C4B9 /* PersistentStorage.swift */ = {isa = PBXFileReference; lastKnownFileType = sourcecode.swift; path = PersistentStorage.swift; sourceTree = "<group>"; };
		BDE3105D272A4E1E0024C4B9 /* Company+CoreDataClass.swift */ = {isa = PBXFileReference; lastKnownFileType = sourcecode.swift; path = "Company+CoreDataClass.swift"; sourceTree = "<group>"; };
		BDE3105E272A4E1E0024C4B9 /* Company+CoreDataProperties.swift */ = {isa = PBXFileReference; lastKnownFileType = sourcecode.swift; path = "Company+CoreDataProperties.swift"; sourceTree = "<group>"; };
		BDE3105F272A4E1E0024C4B9 /* Employee+CoreDataClass.swift */ = {isa = PBXFileReference; lastKnownFileType = sourcecode.swift; path = "Employee+CoreDataClass.swift"; sourceTree = "<group>"; };
		BDE31060272A4E1E0024C4B9 /* Employee+CoreDataProperties.swift */ = {isa = PBXFileReference; lastKnownFileType = sourcecode.swift; path = "Employee+CoreDataProperties.swift"; sourceTree = "<group>"; };
/* End PBXFileReference section */

/* Begin PBXFrameworksBuildPhase section */
		BDE30FFF272984CE0024C4B9 /* Frameworks */ = {
			isa = PBXFrameworksBuildPhase;
			buildActionMask = 2147483647;
			files = (
			);
			runOnlyForDeploymentPostprocessing = 0;
		};
/* End PBXFrameworksBuildPhase section */

/* Begin PBXGroup section */
		BDE30FF9272984CE0024C4B9 = {
			isa = PBXGroup;
			children = (
				BDE3105D272A4E1E0024C4B9 /* Company+CoreDataClass.swift */,
				BDE3105E272A4E1E0024C4B9 /* Company+CoreDataProperties.swift */,
				BDE3105F272A4E1E0024C4B9 /* Employee+CoreDataClass.swift */,
				BDE31060272A4E1E0024C4B9 /* Employee+CoreDataProperties.swift */,
				BDE31020272987080024C4B9 /* PersistentStorage.swift */,
				BDE31004272984CE0024C4B9 /* CoreDataCRUDOperations */,
				BDE31003272984CE0024C4B9 /* Products */,
			);
			sourceTree = "<group>";
		};
		BDE31003272984CE0024C4B9 /* Products */ = {
			isa = PBXGroup;
			children = (
				BDE31002272984CE0024C4B9 /* CoreDataCRUDOperations.app */,
			);
			name = Products;
			sourceTree = "<group>";
		};
		BDE31004272984CE0024C4B9 /* CoreDataCRUDOperations */ = {
			isa = PBXGroup;
			children = (
				BDE31005272984CE0024C4B9 /* AppDelegate.swift */,
				BDE31007272984CE0024C4B9 /* SceneDelegate.swift */,
				BDE31009272984CE0024C4B9 /* ViewController.swift */,
				BDE3100B272984CE0024C4B9 /* Main.storyboard */,
				BDE31011272984D00024C4B9 /* Assets.xcassets */,
				BDE31013272984D00024C4B9 /* LaunchScreen.storyboard */,
				BDE31016272984D00024C4B9 /* Info.plist */,
				BDE3100E272984CE0024C4B9 /* CoreDataCRUDOperations.xcdatamodeld */,
			);
			path = CoreDataCRUDOperations;
			sourceTree = "<group>";
		};
/* End PBXGroup section */

/* Begin PBXNativeTarget section */
		BDE31001272984CE0024C4B9 /* CoreDataCRUDOperations */ = {
			isa = PBXNativeTarget;
			buildConfigurationList = BDE31019272984D00024C4B9 /* Build configuration list for PBXNativeTarget "CoreDataCRUDOperations" */;
			buildPhases = (
				BDE30FFE272984CE0024C4B9 /* Sources */,
				BDE30FFF272984CE0024C4B9 /* Frameworks */,
				BDE31000272984CE0024C4B9 /* Resources */,
			);
			buildRules = (
			);
			dependencies = (
			);
			name = CoreDataCRUDOperations;
			productName = CoreDataCRUDOperations;
			productReference = BDE31002272984CE0024C4B9 /* CoreDataCRUDOperations.app */;
			productType = "com.apple.product-type.application";
		};
/* End PBXNativeTarget section */

/* Begin PBXProject section */
		BDE30FFA272984CE0024C4B9 /* Project object */ = {
			isa = PBXProject;
			attributes = {
				BuildIndependentTargetsInParallel = 1;
				LastSwiftUpdateCheck = 1300;
				LastUpgradeCheck = 1300;
				TargetAttributes = {
					BDE31001272984CE0024C4B9 = {
						CreatedOnToolsVersion = 13.0;
					};
				};
			};
			buildConfigurationList = BDE30FFD272984CE0024C4B9 /* Build configuration list for PBXProject "CoreDataCRUDOperations" */;
			compatibilityVersion = "Xcode 13.0";
			developmentRegion = en;
			hasScannedForEncodings = 0;
			knownRegions = (
				en,
				Base,
			);
			mainGroup = BDE30FF9272984CE0024C4B9;
			productRefGroup = BDE31003272984CE0024C4B9 /* Products */;
			projectDirPath = "";
			projectRoot = "";
			targets = (
				BDE31001272984CE0024C4B9 /* CoreDataCRUDOperations */,
			);
		};
/* End PBXProject section */

/* Begin PBXResourcesBuildPhase section */
		BDE31000272984CE0024C4B9 /* Resources */ = {
			isa = PBXResourcesBuildPhase;
			buildActionMask = 2147483647;
			files = (
				BDE31015272984D00024C4B9 /* LaunchScreen.storyboard in Resources */,
				BDE31012272984D00024C4B9 /* Assets.xcassets in Resources */,
				BDE3100D272984CE0024C4B9 /* Main.storyboard in Resources */,
			);
			runOnlyForDeploymentPostprocessing = 0;
		};
/* End PBXResourcesBuildPhase section */

/* Begin PBXSourcesBuildPhase section */
		BDE30FFE272984CE0024C4B9 /* Sources */ = {
			isa = PBXSourcesBuildPhase;
			buildActionMask = 2147483647;
			files = (
				BDE31010272984CE0024C4B9 /* CoreDataCRUDOperations.xcdatamodeld in Sources */,
				BDE31064272A4E1E0024C4B9 /* Employee+CoreDataProperties.swift in Sources */,
				BDE31061272A4E1E0024C4B9 /* Company+CoreDataClass.swift in Sources */,
				BDE3100A272984CE0024C4B9 /* ViewController.swift in Sources */,
				BDE31063272A4E1E0024C4B9 /* Employee+CoreDataClass.swift in Sources */,
				BDE31006272984CE0024C4B9 /* AppDelegate.swift in Sources */,
				BDE31008272984CE0024C4B9 /* SceneDelegate.swift in Sources */,
				BDE31021272987080024C4B9 /* PersistentStorage.swift in Sources */,
				BDE31062272A4E1E0024C4B9 /* Company+CoreDataProperties.swift in Sources */,
			);
			runOnlyForDeploymentPostprocessing = 0;
		};
/* End PBXSourcesBuildPhase section */

/* Begin PBXVariantGroup section */
		BDE3100B272984CE0024C4B9 /* Main.storyboard */ = {
			isa = PBXVariantGroup;
			children = (
				BDE3100C272984CE0024C4B9 /* Base */,
			);
			name = Main.storyboard;
			sourceTree = "<group>";
		};
		BDE31013272984D00024C4B9 /* LaunchScreen.storyboard */ = {
			isa = PBXVariantGroup;
			children = (
				BDE31014272984D00024C4B9 /* Base */,
			);
			name = LaunchScreen.storyboard;
			sourceTree = "<group>";
		};
/* End PBXVariantGroup section */

/* Begin XCBuildConfiguration section */
		BDE31017272984D00024C4B9 /* Debug */ = {
			isa = XCBuildConfiguration;
			buildSettings = {
				ALWAYS_SEARCH_USER_PATHS = NO;
				CLANG_ANALYZER_NONNULL = YES;
				CLANG_ANALYZER_NUMBER_OBJECT_CONVERSION = YES_AGGRESSIVE;
				CLANG_CXX_LANGUAGE_STANDARD = "gnu++17";
				CLANG_CXX_LIBRARY = "libc++";
				CLANG_ENABLE_MODULES = YES;
				CLANG_ENABLE_OBJC_ARC = YES;
				CLANG_ENABLE_OBJC_WEAK = YES;
				CLANG_WARN_BLOCK_CAPTURE_AUTORELEASING = YES;
				CLANG_WARN_BOOL_CONVERSION = YES;
				CLANG_WARN_COMMA = YES;
				CLANG_WARN_CONSTANT_CONVERSION = YES;
				CLANG_WARN_DEPRECATED_OBJC_IMPLEMENTATIONS = YES;
				CLANG_WARN_DIRECT_OBJC_ISA_USAGE = YES_ERROR;
				CLANG_WARN_DOCUMENTATION_COMMENTS = YES;
				CLANG_WARN_EMPTY_BODY = YES;
				CLANG_WARN_ENUM_CONVERSION = YES;
				CLANG_WARN_INFINITE_RECURSION = YES;
				CLANG_WARN_INT_CONVERSION = YES;
				CLANG_WARN_NON_LITERAL_NULL_CONVERSION = YES;
				CLANG_WARN_OBJC_IMPLICIT_RETAIN_SELF = YES;
				CLANG_WARN_OBJC_LITERAL_CONVERSION = YES;
				CLANG_WARN_OBJC_ROOT_CLASS = YES_ERROR;
				CLANG_WARN_QUOTED_INCLUDE_IN_FRAMEWORK_HEADER = YES;
				CLANG_WARN_RANGE_LOOP_ANALYSIS = YES;
				CLANG_WARN_STRICT_PROTOTYPES = YES;
				CLANG_WARN_SUSPICIOUS_MOVE = YES;
				CLANG_WARN_UNGUARDED_AVAILABILITY = YES_AGGRESSIVE;
				CLANG_WARN_UNREACHABLE_CODE = YES;
				CLANG_WARN__DUPLICATE_METHOD_MATCH = YES;
				COPY_PHASE_STRIP = NO;
				DEBUG_INFORMATION_FORMAT = dwarf;
				ENABLE_STRICT_OBJC_MSGSEND = YES;
				ENABLE_TESTABILITY = YES;
				GCC_C_LANGUAGE_STANDARD = gnu11;
				GCC_DYNAMIC_NO_PIC = NO;
				GCC_NO_COMMON_BLOCKS = YES;
				GCC_OPTIMIZATION_LEVEL = 0;
				GCC_PREPROCESSOR_DEFINITIONS = (
					"DEBUG=1",
					"$(inherited)",
				);
				GCC_WARN_64_TO_32_BIT_CONVERSION = YES;
				GCC_WARN_ABOUT_RETURN_TYPE = YES_ERROR;
				GCC_WARN_UNDECLARED_SELECTOR = YES;
				GCC_WARN_UNINITIALIZED_AUTOS = YES_AGGRESSIVE;
				GCC_WARN_UNUSED_FUNCTION = YES;
				GCC_WARN_UNUSED_VARIABLE = YES;
				IPHONEOS_DEPLOYMENT_TARGET = 15.0;
				MTL_ENABLE_DEBUG_INFO = INCLUDE_SOURCE;
				MTL_FAST_MATH = YES;
				ONLY_ACTIVE_ARCH = YES;
				SDKROOT = iphoneos;
				SWIFT_ACTIVE_COMPILATION_CONDITIONS = DEBUG;
				SWIFT_OPTIMIZATION_LEVEL = "-Onone";
			};
			name = Debug;
		};
		BDE31018272984D00024C4B9 /* Release */ = {
			isa = XCBuildConfiguration;
			buildSettings = {
				ALWAYS_SEARCH_USER_PATHS = NO;
				CLANG_ANALYZER_NONNULL = YES;
				CLANG_ANALYZER_NUMBER_OBJECT_CONVERSION = YES_AGGRESSIVE;
				CLANG_CXX_LANGUAGE_STANDARD = "gnu++17";
				CLANG_CXX_LIBRARY = "libc++";
				CLANG_ENABLE_MODULES = YES;
				CLANG_ENABLE_OBJC_ARC = YES;
				CLANG_ENABLE_OBJC_WEAK = YES;
				CLANG_WARN_BLOCK_CAPTURE_AUTORELEASING = YES;
				CLANG_WARN_BOOL_CONVERSION = YES;
				CLANG_WARN_COMMA = YES;
				CLANG_WARN_CONSTANT_CONVERSION = YES;
				CLANG_WARN_DEPRECATED_OBJC_IMPLEMENTATIONS = YES;
				CLANG_WARN_DIRECT_OBJC_ISA_USAGE = YES_ERROR;
				CLANG_WARN_DOCUMENTATION_COMMENTS = YES;
				CLANG_WARN_EMPTY_BODY = YES;
				CLANG_WARN_ENUM_CONVERSION = YES;
				CLANG_WARN_INFINITE_RECURSION = YES;
				CLANG_WARN_INT_CONVERSION = YES;
				CLANG_WARN_NON_LITERAL_NULL_CONVERSION = YES;
				CLANG_WARN_OBJC_IMPLICIT_RETAIN_SELF = YES;
				CLANG_WARN_OBJC_LITERAL_CONVERSION = YES;
				CLANG_WARN_OBJC_ROOT_CLASS = YES_ERROR;
				CLANG_WARN_QUOTED_INCLUDE_IN_FRAMEWORK_HEADER = YES;
				CLANG_WARN_RANGE_LOOP_ANALYSIS = YES;
				CLANG_WARN_STRICT_PROTOTYPES = YES;
				CLANG_WARN_SUSPICIOUS_MOVE = YES;
				CLANG_WARN_UNGUARDED_AVAILABILITY = YES_AGGRESSIVE;
				CLANG_WARN_UNREACHABLE_CODE = YES;
				CLANG_WARN__DUPLICATE_METHOD_MATCH = YES;
				COPY_PHASE_STRIP = NO;
				DEBUG_INFORMATION_FORMAT = "dwarf-with-dsym";
				ENABLE_NS_ASSERTIONS = NO;
				ENABLE_STRICT_OBJC_MSGSEND = YES;
				GCC_C_LANGUAGE_STANDARD = gnu11;
				GCC_NO_COMMON_BLOCKS = YES;
				GCC_WARN_64_TO_32_BIT_CONVERSION = YES;
				GCC_WARN_ABOUT_RETURN_TYPE = YES_ERROR;
				GCC_WARN_UNDECLARED_SELECTOR = YES;
				GCC_WARN_UNINITIALIZED_AUTOS = YES_AGGRESSIVE;
				GCC_WARN_UNUSED_FUNCTION = YES;
				GCC_WARN_UNUSED_VARIABLE = YES;
				IPHONEOS_DEPLOYMENT_TARGET = 15.0;
				MTL_ENABLE_DEBUG_INFO = NO;
				MTL_FAST_MATH = YES;
				SDKROOT = iphoneos;
				SWIFT_COMPILATION_MODE = wholemodule;
				SWIFT_OPTIMIZATION_LEVEL = "-O";
				VALIDATE_PRODUCT = YES;
			};
			name = Release;
		};
		BDE3101A272984D00024C4B9 /* Debug */ = {
			isa = XCBuildConfiguration;
			buildSettings = {
				ASSETCATALOG_COMPILER_APPICON_NAME = AppIcon;
				ASSETCATALOG_COMPILER_GLOBAL_ACCENT_COLOR_NAME = AccentColor;
				CODE_SIGN_STYLE = Automatic;
				CURRENT_PROJECT_VERSION = 1;
				DEVELOPMENT_TEAM = A2AL553RHN;
				GENERATE_INFOPLIST_FILE = YES;
				INFOPLIST_FILE = CoreDataCRUDOperations/Info.plist;
				INFOPLIST_KEY_UIApplicationSupportsIndirectInputEvents = YES;
				INFOPLIST_KEY_UILaunchStoryboardName = LaunchScreen;
				INFOPLIST_KEY_UIMainStoryboardFile = Main;
				INFOPLIST_KEY_UISupportedInterfaceOrientations_iPad = "UIInterfaceOrientationPortrait UIInterfaceOrientationPortraitUpsideDown UIInterfaceOrientationLandscapeLeft UIInterfaceOrientationLandscapeRight";
				INFOPLIST_KEY_UISupportedInterfaceOrientations_iPhone = "UIInterfaceOrientationPortrait UIInterfaceOrientationLandscapeLeft UIInterfaceOrientationLandscapeRight";
				LD_RUNPATH_SEARCH_PATHS = (
					"$(inherited)",
					"@executable_path/Frameworks",
				);
				MARKETING_VERSION = 1.0;
				PRODUCT_BUNDLE_IDENTIFIER = com.ikenna.CoreDataCRUDOperations;
				PRODUCT_NAME = "$(TARGET_NAME)";
				SWIFT_EMIT_LOC_STRINGS = YES;
				SWIFT_VERSION = 5.0;
				TARGETED_DEVICE_FAMILY = "1,2";
			};
			name = Debug;
		};
		BDE3101B272984D00024C4B9 /* Release */ = {
			isa = XCBuildConfiguration;
			buildSettings = {
				ASSETCATALOG_COMPILER_APPICON_NAME = AppIcon;
				ASSETCATALOG_COMPILER_GLOBAL_ACCENT_COLOR_NAME = AccentColor;
				CODE_SIGN_STYLE = Automatic;
				CURRENT_PROJECT_VERSION = 1;
				DEVELOPMENT_TEAM = A2AL553RHN;
				GENERATE_INFOPLIST_FILE = YES;
				INFOPLIST_FILE = CoreDataCRUDOperations/Info.plist;
				INFOPLIST_KEY_UIApplicationSupportsIndirectInputEvents = YES;
				INFOPLIST_KEY_UILaunchStoryboardName = LaunchScreen;
				INFOPLIST_KEY_UIMainStoryboardFile = Main;
				INFOPLIST_KEY_UISupportedInterfaceOrientations_iPad = "UIInterfaceOrientationPortrait UIInterfaceOrientationPortraitUpsideDown UIInterfaceOrientationLandscapeLeft UIInterfaceOrientationLandscapeRight";
				INFOPLIST_KEY_UISupportedInterfaceOrientations_iPhone = "UIInterfaceOrientationPortrait UIInterfaceOrientationLandscapeLeft UIInterfaceOrientationLandscapeRight";
				LD_RUNPATH_SEARCH_PATHS = (
					"$(inherited)",
					"@executable_path/Frameworks",
				);
				MARKETING_VERSION = 1.0;
				PRODUCT_BUNDLE_IDENTIFIER = com.ikenna.CoreDataCRUDOperations;
				PRODUCT_NAME = "$(TARGET_NAME)";
				SWIFT_EMIT_LOC_STRINGS = YES;
				SWIFT_VERSION = 5.0;
				TARGETED_DEVICE_FAMILY = "1,2";
			};
			name = Release;
		};
/* End XCBuildConfiguration section */

/* Begin XCConfigurationList section */
		BDE30FFD272984CE0024C4B9 /* Build configuration list for PBXProject "CoreDataCRUDOperations" */ = {
			isa = XCConfigurationList;
			buildConfigurations = (
				BDE31017272984D00024C4B9 /* Debug */,
				BDE31018272984D00024C4B9 /* Release */,
			);
			defaultConfigurationIsVisible = 0;
			defaultConfigurationName = Release;
		};
		BDE31019272984D00024C4B9 /* Build configuration list for PBXNativeTarget "CoreDataCRUDOperations" */ = {
			isa = XCConfigurationList;
			buildConfigurations = (
				BDE3101A272984D00024C4B9 /* Debug */,
				BDE3101B272984D00024C4B9 /* Release */,
			);
			defaultConfigurationIsVisible = 0;
			defaultConfigurationName = Release;
		};
/* End XCConfigurationList section */

/* Begin XCVersionGroup section */
		BDE3100E272984CE0024C4B9 /* CoreDataCRUDOperations.xcdatamodeld */ = {
			isa = XCVersionGroup;
			children = (
				BDE3100F272984CE0024C4B9 /* CoreDataCRUDOperations.xcdatamodel */,
			);
			currentVersion = BDE3100F272984CE0024C4B9 /* CoreDataCRUDOperations.xcdatamodel */;
			path = CoreDataCRUDOperations.xcdatamodeld;
			sourceTree = "<group>";
			versionGroupType = wrapper.xcdatamodel;
		};
/* End XCVersionGroup section */
	};
	rootObject = BDE30FFA272984CE0024C4B9 /* Project object */;
}
